
Microsoft Visual Studio Solution File, Format Version 12.00
# Visual Studio Version 16
VisualStudioVersion = 16.0.30114.105
MinimumVisualStudioVersion = 10.0.40219.1
Project("{FAE04EC0-301F-11D3-BF4B-00C04F79EFBC}") = "DiscountBasedOnClass", "DiscountBasedOnClass.csproj", "{DAE8B0FC-A8DD-411A-9C4C-F3F23332DA87}"
EndProject
Global
	GlobalSection(SolutionConfigurationPlatforms) = preSolution
		Debug|Any CPU = Debug|Any CPU
		Release|Any CPU = Release|Any CPU
	EndGlobalSection
	GlobalSection(ProjectConfigurationPlatforms) = postSolution
		{DAE8B0FC-A8DD-411A-9C4C-F3F23332DA87}.Debug|Any CPU.ActiveCfg = Debug|Any CPU
		{DAE8B0FC-A8DD-411A-9C4C-F3F23332DA87}.Debug|Any CPU.Build.0 = Debug|Any CPU
		{DAE8B0FC-A8DD-411A-9C4C-F3F23332DA87}.Release|Any CPU.ActiveCfg = Release|Any CPU
		{DAE8B0FC-A8DD-411A-9C4C-F3F23332DA87}.Release|Any CPU.Build.0 = Release|Any CPU
	EndGlobalSection
	GlobalSection(SolutionProperties) = preSolution
		HideSolutionNode = FALSE
	EndGlobalSection
	GlobalSection(ExtensibilityGlobals) = postSolution
		SolutionGuid = {75E7F343-4CBD-4368-BBD7-A8CE79CF084D}
	EndGlobalSection
EndGlobal
